// !$*UTF8*$!
{
	archiveVersion = 1;
	classes = {
	};
	objectVersion = 50;
	objects = {

/* Begin PBXBuildFile section */
		FC5B2726258BFAE9003A5759 /* AppDelegate.swift in Sources */ = {isa = PBXBuildFile; fileRef = FC5B2725258BFAE9003A5759 /* AppDelegate.swift */; };
		FC5B2728258BFAE9003A5759 /* GameScene.sks in Resources */ = {isa = PBXBuildFile; fileRef = FC5B2727258BFAE9003A5759 /* GameScene.sks */; };
		FC5B272A258BFAE9003A5759 /* Actions.sks in Resources */ = {isa = PBXBuildFile; fileRef = FC5B2729258BFAE9003A5759 /* Actions.sks */; };
		FC5B272C258BFAE9003A5759 /* GameScene.swift in Sources */ = {isa = PBXBuildFile; fileRef = FC5B272B258BFAE9003A5759 /* GameScene.swift */; };
		FC5B272E258BFAE9003A5759 /* GameViewController.swift in Sources */ = {isa = PBXBuildFile; fileRef = FC5B272D258BFAE9003A5759 /* GameViewController.swift */; };
		FC5B2731258BFAE9003A5759 /* Main.storyboard in Resources */ = {isa = PBXBuildFile; fileRef = FC5B272F258BFAE9003A5759 /* Main.storyboard */; };
		FC5B2733258BFAED003A5759 /* Assets.xcassets in Resources */ = {isa = PBXBuildFile; fileRef = FC5B2732258BFAED003A5759 /* Assets.xcassets */; };
		FC5B2740258D770B003A5759 /* PlayerExplosion.sks in Resources */ = {isa = PBXBuildFile; fileRef = FC5B273F258D770B003A5759 /* PlayerExplosion.sks */; };
		FC5B2743258D787D003A5759 /* explosion.wav in Resources */ = {isa = PBXBuildFile; fileRef = FC5B2742258D787D003A5759 /* explosion.wav */; };
		FC5B2746258D78D1003A5759 /* balloon-game.mp3 in Resources */ = {isa = PBXBuildFile; fileRef = FC5B2745258D78D1003A5759 /* balloon-game.mp3 */; };
		FC5B2749258D7CD3003A5759 /* BalloonSmoke.sks in Resources */ = {isa = PBXBuildFile; fileRef = FC5B2748258D7CD3003A5759 /* BalloonSmoke.sks */; };
/* End PBXBuildFile section */

/* Begin PBXFileReference section */
		FC5B2722258BFAE9003A5759 /* BumpyBalloon.app */ = {isa = PBXFileReference; explicitFileType = wrapper.application; includeInIndex = 0; path = BumpyBalloon.app; sourceTree = BUILT_PRODUCTS_DIR; };
		FC5B2725258BFAE9003A5759 /* AppDelegate.swift */ = {isa = PBXFileReference; lastKnownFileType = sourcecode.swift; path = AppDelegate.swift; sourceTree = "<group>"; };
		FC5B2727258BFAE9003A5759 /* GameScene.sks */ = {isa = PBXFileReference; lastKnownFileType = file.sks; path = GameScene.sks; sourceTree = "<group>"; };
		FC5B2729258BFAE9003A5759 /* Actions.sks */ = {isa = PBXFileReference; lastKnownFileType = file.sks; path = Actions.sks; sourceTree = "<group>"; };
		FC5B272B258BFAE9003A5759 /* GameScene.swift */ = {isa = PBXFileReference; lastKnownFileType = sourcecode.swift; path = GameScene.swift; sourceTree = "<group>"; };
		FC5B272D258BFAE9003A5759 /* GameViewController.swift */ = {isa = PBXFileReference; lastKnownFileType = sourcecode.swift; path = GameViewController.swift; sourceTree = "<group>"; };
		FC5B2730258BFAE9003A5759 /* Base */ = {isa = PBXFileReference; lastKnownFileType = file.storyboard; name = Base; path = Base.lproj/Main.storyboard; sourceTree = "<group>"; };
		FC5B2732258BFAED003A5759 /* Assets.xcassets */ = {isa = PBXFileReference; lastKnownFileType = folder.assetcatalog; path = Assets.xcassets; sourceTree = "<group>"; };
		FC5B2734258BFAED003A5759 /* Info.plist */ = {isa = PBXFileReference; lastKnownFileType = text.plist.xml; path = Info.plist; sourceTree = "<group>"; };
		FC5B273F258D770B003A5759 /* PlayerExplosion.sks */ = {isa = PBXFileReference; lastKnownFileType = file.sks; path = PlayerExplosion.sks; sourceTree = "<group>"; };
		FC5B2742258D787D003A5759 /* explosion.wav */ = {isa = PBXFileReference; lastKnownFileType = audio.wav; path = explosion.wav; sourceTree = "<group>"; };
		FC5B2745258D78D1003A5759 /* balloon-game.mp3 */ = {isa = PBXFileReference; lastKnownFileType = audio.mp3; path = "balloon-game.mp3"; sourceTree = "<group>"; };
		FC5B2748258D7CD3003A5759 /* BalloonSmoke.sks */ = {isa = PBXFileReference; lastKnownFileType = file.sks; path = BalloonSmoke.sks; sourceTree = "<group>"; };
/* End PBXFileReference section */

/* Begin PBXFrameworksBuildPhase section */
		FC5B271F258BFAE9003A5759 /* Frameworks */ = {
			isa = PBXFrameworksBuildPhase;
			buildActionMask = 2147483647;
			files = (
			);
			runOnlyForDeploymentPostprocessing = 0;
		};
/* End PBXFrameworksBuildPhase section */

/* Begin PBXGroup section */
		FC5B2719258BFAE9003A5759 = {
			isa = PBXGroup;
			children = (
				FC5B2724258BFAE9003A5759 /* BumpyBalloon */,
				FC5B2723258BFAE9003A5759 /* Products */,
			);
			sourceTree = "<group>";
		};
		FC5B2723258BFAE9003A5759 /* Products */ = {
			isa = PBXGroup;
			children = (
				FC5B2722258BFAE9003A5759 /* BumpyBalloon.app */,
			);
			name = Products;
			sourceTree = "<group>";
		};
		FC5B2724258BFAE9003A5759 /* BumpyBalloon */ = {
			isa = PBXGroup;
			children = (
				FC5B2725258BFAE9003A5759 /* AppDelegate.swift */,
				FC5B2727258BFAE9003A5759 /* GameScene.sks */,
				FC5B2729258BFAE9003A5759 /* Actions.sks */,
				FC5B272B258BFAE9003A5759 /* GameScene.swift */,
				FC5B2748258D7CD3003A5759 /* BalloonSmoke.sks */,
				FC5B273F258D770B003A5759 /* PlayerExplosion.sks */,
				FC5B272D258BFAE9003A5759 /* GameViewController.swift */,
				FC5B272F258BFAE9003A5759 /* Main.storyboard */,
				FC5B2732258BFAED003A5759 /* Assets.xcassets */,
				FC5B2742258D787D003A5759 /* explosion.wav */,
				FC5B2745258D78D1003A5759 /* balloon-game.mp3 */,
				FC5B2734258BFAED003A5759 /* Info.plist */,
			);
			path = BumpyBalloon;
			sourceTree = "<group>";
		};
/* End PBXGroup section */

/* Begin PBXNativeTarget section */
		FC5B2721258BFAE9003A5759 /* BumpyBalloon */ = {
			isa = PBXNativeTarget;
			buildConfigurationList = FC5B2737258BFAED003A5759 /* Build configuration list for PBXNativeTarget "BumpyBalloon" */;
			buildPhases = (
				FC5B271E258BFAE9003A5759 /* Sources */,
				FC5B271F258BFAE9003A5759 /* Frameworks */,
				FC5B2720258BFAE9003A5759 /* Resources */,
			);
			buildRules = (
			);
			dependencies = (
			);
			name = BumpyBalloon;
			productName = BumpyBalloon;
			productReference = FC5B2722258BFAE9003A5759 /* BumpyBalloon.app */;
			productType = "com.apple.product-type.application";
		};
/* End PBXNativeTarget section */

/* Begin PBXProject section */
		FC5B271A258BFAE9003A5759 /* Project object */ = {
			isa = PBXProject;
			attributes = {
				LastSwiftUpdateCheck = 1230;
				LastUpgradeCheck = 1230;
				TargetAttributes = {
					FC5B2721258BFAE9003A5759 = {
						CreatedOnToolsVersion = 12.3;
					};
				};
			};
			buildConfigurationList = FC5B271D258BFAE9003A5759 /* Build configuration list for PBXProject "BumpyBalloon" */;
			compatibilityVersion = "Xcode 9.3";
			developmentRegion = en;
			hasScannedForEncodings = 0;
			knownRegions = (
				en,
				Base,
			);
			mainGroup = FC5B2719258BFAE9003A5759;
			productRefGroup = FC5B2723258BFAE9003A5759 /* Products */;
			projectDirPath = "";
			projectRoot = "";
			targets = (
				FC5B2721258BFAE9003A5759 /* BumpyBalloon */,
			);
		};
/* End PBXProject section */

/* Begin PBXResourcesBuildPhase section */
		FC5B2720258BFAE9003A5759 /* Resources */ = {
			isa = PBXResourcesBuildPhase;
			buildActionMask = 2147483647;
			files = (
				FC5B2743258D787D003A5759 /* explosion.wav in Resources */,
				FC5B2731258BFAE9003A5759 /* Main.storyboard in Resources */,
				FC5B2728258BFAE9003A5759 /* GameScene.sks in Resources */,
				FC5B2733258BFAED003A5759 /* Assets.xcassets in Resources */,
				FC5B2740258D770B003A5759 /* PlayerExplosion.sks in Resources */,
				FC5B2749258D7CD3003A5759 /* BalloonSmoke.sks in Resources */,
				FC5B2746258D78D1003A5759 /* balloon-game.mp3 in Resources */,
				FC5B272A258BFAE9003A5759 /* Actions.sks in Resources */,
			);
			runOnlyForDeploymentPostprocessing = 0;
		};
/* End PBXResourcesBuildPhase section */

/* Begin PBXSourcesBuildPhase section */
		FC5B271E258BFAE9003A5759 /* Sources */ = {
			isa = PBXSourcesBuildPhase;
			buildActionMask = 2147483647;
			files = (
				FC5B272C258BFAE9003A5759 /* GameScene.swift in Sources */,
				FC5B272E258BFAE9003A5759 /* GameViewController.swift in Sources */,
				FC5B2726258BFAE9003A5759 /* AppDelegate.swift in Sources */,
			);
			runOnlyForDeploymentPostprocessing = 0;
		};
/* End PBXSourcesBuildPhase section */

/* Begin PBXVariantGroup section */
		FC5B272F258BFAE9003A5759 /* Main.storyboard */ = {
			isa = PBXVariantGroup;
			children = (
				FC5B2730258BFAE9003A5759 /* Base */,
			);
			name = Main.storyboard;
			sourceTree = "<group>";
		};
/* End PBXVariantGroup section */

/* Begin XCBuildConfiguration section */
		FC5B2735258BFAED003A5759 /* Debug */ = {
			isa = XCBuildConfiguration;
			buildSettings = {
				ALWAYS_SEARCH_USER_PATHS = NO;
				CLANG_ANALYZER_NONNULL = YES;
				CLANG_ANALYZER_NUMBER_OBJECT_CONVERSION = YES_AGGRESSIVE;
				CLANG_CXX_LANGUAGE_STANDARD = "gnu++14";
				CLANG_CXX_LIBRARY = "libc++";
				CLANG_ENABLE_MODULES = YES;
				CLANG_ENABLE_OBJC_ARC = YES;
				CLANG_ENABLE_OBJC_WEAK = YES;
				CLANG_WARN_BLOCK_CAPTURE_AUTORELEASING = YES;
				CLANG_WARN_BOOL_CONVERSION = YES;
				CLANG_WARN_COMMA = YES;
				CLANG_WARN_CONSTANT_CONVERSION = YES;
				CLANG_WARN_DEPRECATED_OBJC_IMPLEMENTATIONS = YES;
				CLANG_WARN_DIRECT_OBJC_ISA_USAGE = YES_ERROR;
				CLANG_WARN_DOCUMENTATION_COMMENTS = YES;
				CLANG_WARN_EMPTY_BODY = YES;
				CLANG_WARN_ENUM_CONVERSION = YES;
				CLANG_WARN_INFINITE_RECURSION = YES;
				CLANG_WARN_INT_CONVERSION = YES;
				CLANG_WARN_NON_LITERAL_NULL_CONVERSION = YES;
				CLANG_WARN_OBJC_IMPLICIT_RETAIN_SELF = YES;
				CLANG_WARN_OBJC_LITERAL_CONVERSION = YES;
				CLANG_WARN_OBJC_ROOT_CLASS = YES_ERROR;
				CLANG_WARN_QUOTED_INCLUDE_IN_FRAMEWORK_HEADER = YES;
				CLANG_WARN_RANGE_LOOP_ANALYSIS = YES;
				CLANG_WARN_STRICT_PROTOTYPES = YES;
				CLANG_WARN_SUSPICIOUS_MOVE = YES;
				CLANG_WARN_UNGUARDED_AVAILABILITY = YES_AGGRESSIVE;
				CLANG_WARN_UNREACHABLE_CODE = YES;
				CLANG_WARN__DUPLICATE_METHOD_MATCH = YES;
				COPY_PHASE_STRIP = NO;
				DEBUG_INFORMATION_FORMAT = dwarf;
				ENABLE_STRICT_OBJC_MSGSEND = YES;
				ENABLE_TESTABILITY = YES;
				GCC_C_LANGUAGE_STANDARD = gnu11;
				GCC_DYNAMIC_NO_PIC = NO;
				GCC_NO_COMMON_BLOCKS = YES;
				GCC_OPTIMIZATION_LEVEL = 0;
				GCC_PREPROCESSOR_DEFINITIONS = (
					"DEBUG=1",
					"$(inherited)",
				);
				GCC_WARN_64_TO_32_BIT_CONVERSION = YES;
				GCC_WARN_ABOUT_RETURN_TYPE = YES_ERROR;
				GCC_WARN_UNDECLARED_SELECTOR = YES;
				GCC_WARN_UNINITIALIZED_AUTOS = YES_AGGRESSIVE;
				GCC_WARN_UNUSED_FUNCTION = YES;
				GCC_WARN_UNUSED_VARIABLE = YES;
				IPHONEOS_DEPLOYMENT_TARGET = 14.3;
				MTL_ENABLE_DEBUG_INFO = INCLUDE_SOURCE;
				MTL_FAST_MATH = YES;
				ONLY_ACTIVE_ARCH = YES;
				SDKROOT = iphoneos;
				SWIFT_ACTIVE_COMPILATION_CONDITIONS = DEBUG;
				SWIFT_OPTIMIZATION_LEVEL = "-Onone";
			};
			name = Debug;
		};
		FC5B2736258BFAED003A5759 /* Release */ = {
			isa = XCBuildConfiguration;
			buildSettings = {
				ALWAYS_SEARCH_USER_PATHS = NO;
				CLANG_ANALYZER_NONNULL = YES;
				CLANG_ANALYZER_NUMBER_OBJECT_CONVERSION = YES_AGGRESSIVE;
				CLANG_CXX_LANGUAGE_STANDARD = "gnu++14";
				CLANG_CXX_LIBRARY = "libc++";
				CLANG_ENABLE_MODULES = YES;
				CLANG_ENABLE_OBJC_ARC = YES;
				CLANG_ENABLE_OBJC_WEAK = YES;
				CLANG_WARN_BLOCK_CAPTURE_AUTORELEASING = YES;
				CLANG_WARN_BOOL_CONVERSION = YES;
				CLANG_WARN_COMMA = YES;
				CLANG_WARN_CONSTANT_CONVERSION = YES;
				CLANG_WARN_DEPRECATED_OBJC_IMPLEMENTATIONS = YES;
				CLANG_WARN_DIRECT_OBJC_ISA_USAGE = YES_ERROR;
				CLANG_WARN_DOCUMENTATION_COMMENTS = YES;
				CLANG_WARN_EMPTY_BODY = YES;
				CLANG_WARN_ENUM_CONVERSION = YES;
				CLANG_WARN_INFINITE_RECURSION = YES;
				CLANG_WARN_INT_CONVERSION = YES;
				CLANG_WARN_NON_LITERAL_NULL_CONVERSION = YES;
				CLANG_WARN_OBJC_IMPLICIT_RETAIN_SELF = YES;
				CLANG_WARN_OBJC_LITERAL_CONVERSION = YES;
				CLANG_WARN_OBJC_ROOT_CLASS = YES_ERROR;
				CLANG_WARN_QUOTED_INCLUDE_IN_FRAMEWORK_HEADER = YES;
				CLANG_WARN_RANGE_LOOP_ANALYSIS = YES;
				CLANG_WARN_STRICT_PROTOTYPES = YES;
				CLANG_WARN_SUSPICIOUS_MOVE = YES;
				CLANG_WARN_UNGUARDED_AVAILABILITY = YES_AGGRESSIVE;
				CLANG_WARN_UNREACHABLE_CODE = YES;
				CLANG_WARN__DUPLICATE_METHOD_MATCH = YES;
				COPY_PHASE_STRIP = NO;
				DEBUG_INFORMATION_FORMAT = "dwarf-with-dsym";
				ENABLE_NS_ASSERTIONS = NO;
				ENABLE_STRICT_OBJC_MSGSEND = YES;
				GCC_C_LANGUAGE_STANDARD = gnu11;
				GCC_NO_COMMON_BLOCKS = YES;
				GCC_WARN_64_TO_32_BIT_CONVERSION = YES;
				GCC_WARN_ABOUT_RETURN_TYPE = YES_ERROR;
				GCC_WARN_UNDECLARED_SELECTOR = YES;
				GCC_WARN_UNINITIALIZED_AUTOS = YES_AGGRESSIVE;
				GCC_WARN_UNUSED_FUNCTION = YES;
				GCC_WARN_UNUSED_VARIABLE = YES;
				IPHONEOS_DEPLOYMENT_TARGET = 14.3;
				MTL_ENABLE_DEBUG_INFO = NO;
				MTL_FAST_MATH = YES;
				SDKROOT = iphoneos;
				SWIFT_COMPILATION_MODE = wholemodule;
				SWIFT_OPTIMIZATION_LEVEL = "-O";
				VALIDATE_PRODUCT = YES;
			};
			name = Release;
		};
		FC5B2738258BFAED003A5759 /* Debug */ = {
			isa = XCBuildConfiguration;
			buildSettings = {
				ASSETCATALOG_COMPILER_APPICON_NAME = AppIcon;
				ASSETCATALOG_COMPILER_GLOBAL_ACCENT_COLOR_NAME = AccentColor;
				CODE_SIGN_STYLE = Automatic;
				DEVELOPMENT_TEAM = 29QQ57MJ8J;
				INFOPLIST_FILE = BumpyBalloon/Info.plist;
				LD_RUNPATH_SEARCH_PATHS = (
					"$(inherited)",
					"@executable_path/Frameworks",
				);
				PRODUCT_BUNDLE_IDENTIFIER = com.thrasher.BumpyBalloon;
				PRODUCT_NAME = "$(TARGET_NAME)";
				SWIFT_VERSION = 5.0;
				TARGETED_DEVICE_FAMILY = 2;
			};
			name = Debug;
		};
		FC5B2739258BFAED003A5759 /* Release */ = {
			isa = XCBuildConfiguration;
			buildSettings = {
				ASSETCATALOG_COMPILER_APPICON_NAME = AppIcon;
				ASSETCATALOG_COMPILER_GLOBAL_ACCENT_COLOR_NAME = AccentColor;
				CODE_SIGN_STYLE = Automatic;
				DEVELOPMENT_TEAM = 29QQ57MJ8J;
				INFOPLIST_FILE = BumpyBalloon/Info.plist;
				LD_RUNPATH_SEARCH_PATHS = (
					"$(inherited)",
					"@executable_path/Frameworks",
				);
				PRODUCT_BUNDLE_IDENTIFIER = com.thrasher.BumpyBalloon;
				PRODUCT_NAME = "$(TARGET_NAME)";
				SWIFT_VERSION = 5.0;
				TARGETED_DEVICE_FAMILY = 2;
			};
			name = Release;
		};
/* End XCBuildConfiguration section */

/* Begin XCConfigurationList section */
		FC5B271D258BFAE9003A5759 /* Build configuration list for PBXProject "BumpyBalloon" */ = {
			isa = XCConfigurationList;
			buildConfigurations = (
				FC5B2735258BFAED003A5759 /* Debug */,
				FC5B2736258BFAED003A5759 /* Release */,
			);
			defaultConfigurationIsVisible = 0;
			defaultConfigurationName = Release;
		};
		FC5B2737258BFAED003A5759 /* Build configuration list for PBXNativeTarget "BumpyBalloon" */ = {
			isa = XCConfigurationList;
			buildConfigurations = (
				FC5B2738258BFAED003A5759 /* Debug */,
				FC5B2739258BFAED003A5759 /* Release */,
			);
			defaultConfigurationIsVisible = 0;
			defaultConfigurationName = Release;
		};
/* End XCConfigurationList section */
	};
	rootObject = FC5B271A258BFAE9003A5759 /* Project object */;
}
